version = 1
revision = 3
requires-python = ">=3.10"

[[package]]
name = "blade"
version = "0.1.0"
source = { editable = "." }

[package.dev-dependencies]
dev = [
    { name = "prek" },
    { name = "ruff" },
]

[package.metadata]

[package.metadata.requires-dev]
dev = [
    { name = "prek", specifier = ">=0.3.0" },
    { name = "ruff", specifier = ">=0.14.14" },
]

[[package]]
name = "prek"
version = "0.3.0"
source = { registry = "https://pypi.org/simple" }
sdist = { url = "https://files.pythonhosted.org/packages/f2/1e/6c23d3470145be1d6ff29d93f2a521864788827d22e509e2b978eb5bb4cb/prek-0.3.0.tar.gz", hash = "sha256:e70f16bbaf2803e490b866cfa997ea5cc46e7ada55d61f0cdd84bc90b8d5ca7f", size = 316063, upload-time = "2026-01-22T04:00:01.648Z" }
wheels = [
    { url = "https://files.pythonhosted.org/packages/84/49/469219c19bb00db678806f79fc084ac1ce9952004a183a798db26f6df22b/prek-0.3.0-py3-none-linux_armv6l.whl", hash = "sha256:7e5d40b22deff23e36f7ad91e24b8e62edf32f30f6dad420459f7ec7188233c3", size = 4317493, upload-time = "2026-01-22T03:59:51.769Z" },
    { url = "https://files.pythonhosted.org/packages/87/9f/f7afc49cc0fd92d1ba492929dc1573cb7004d09b61341aa6ee32a5288657/prek-0.3.0-py3-none-macosx_10_12_x86_64.whl", hash = "sha256:6712b58cbb5a7db0aaef180c489ce9f3462e0293d54e54baeedd75fc0d9d8c28", size = 4323961, upload-time = "2026-01-22T03:59:56.92Z" },
    { url = "https://files.pythonhosted.org/packages/42/94/ba36dc29e71d476bf71c3bac2b0c89cfcfc4b8973a0a6b20728f429f4560/prek-0.3.0-py3-none-macosx_11_0_arm64.whl", hash = "sha256:5f2c446fd9012a98c5690b4badf3f7dfb8d424cf0c6798a2d08ee56511f0a670", size = 3970121, upload-time = "2026-01-22T03:59:55.722Z" },
    { url = "https://files.pythonhosted.org/packages/b5/93/6131dd9f6cde3d72815b978b766de21b2ac9cc15fc38f5c22267cc7e574d/prek-0.3.0-py3-none-manylinux_2_17_aarch64.manylinux2014_aarch64.musllinux_1_1_aarch64.whl", hash = "sha256:10f3da7cda2397f7d2f3ff7f2be0d7486c15d4941f7568095b7168e57a9c88c5", size = 4307430, upload-time = "2026-01-22T03:59:47.484Z" },
    { url = "https://files.pythonhosted.org/packages/6f/08/7c55a765d96028d38dc984e66a096a969d80e56f66a47801acc86dede856/prek-0.3.0-py3-none-manylinux_2_17_armv7l.manylinux2014_armv7l.whl", hash = "sha256:2f747bb4a4322fea35d548cd2c1bd24477f56ed009f3d62a2b97ecbfc88096ac", size = 4238032, upload-time = "2026-01-22T04:00:02.606Z" },
    { url = "https://files.pythonhosted.org/packages/dc/a7/59d9bf902b749c8a0cef9e8ac073cc5c886634cd09404c00af4a76470b3b/prek-0.3.0-py3-none-manylinux_2_17_i686.manylinux2014_i686.whl", hash = "sha256:40bd61f11d8caabc0e2a5d4c326639d6ff558b580ef4388aabec293ddb5afd35", size = 4493295, upload-time = "2026-01-22T03:59:45.964Z" },
    { url = "https://files.pythonhosted.org/packages/08/dc/902b2e4ddff59ad001ddc2cda3b47e457ab1ee811698a4002b3e4f84faf1/prek-0.3.0-py3-none-manylinux_2_17_s390x.manylinux2014_s390x.whl", hash = "sha256:1d096b5e273d17a1300b20a7101a9e5a624a8104825eb59659776177f7fccea1", size = 5033370, upload-time = "2026-01-22T03:59:44.806Z" },
    { url = "https://files.pythonhosted.org/packages/15/cd/277a3d2768b80bb1ff3c2ea8378687bb4c527d88a8b543bf6f364f8a0dc9/prek-0.3.0-py3-none-manylinux_2_17_x86_64.manylinux2014_x86_64.whl", hash = "sha256:df39face5f1298851fbae495267ddf60f1694ea594ed5c6cdb88bdd6de14f6a4", size = 4549792, upload-time = "2026-01-22T03:59:41.518Z" },
    { url = "https://files.pythonhosted.org/packages/26/21/53aeabd3822ef7fa350aac66d099d4d97b05e8383a2df35499229389a642/prek-0.3.0-py3-none-manylinux_2_28_aarch64.whl", hash = "sha256:9462f80a576d661490aa058d4493a991a34c7532dea76b7b004a17c8bc6b80f2", size = 4323158, upload-time = "2026-01-22T03:59:54.284Z" },
    { url = "https://files.pythonhosted.org/packages/27/c2/3a7392b0e7fd07e339d89701b49b12a89d85256a57279877195028215957/prek-0.3.0-py3-none-manylinux_2_31_riscv64.whl", hash = "sha256:33d3fa40eecf996ed14bab2d006c39d21ae344677d62599963efd9b27936558e", size = 4344632, upload-time = "2026-01-22T04:00:03.71Z" },
    { url = "https://files.pythonhosted.org/packages/71/89/8254ac981d75d0ce2826bcac74fed901540d629cb2d9f4d73ce62f8ce843/prek-0.3.0-py3-none-musllinux_1_1_armv7l.whl", hash = "sha256:d8c6abfd53a23718afdf4e6107418db1d74c5d904e9b7ec7900e285f8da90723", size = 4216608, upload-time = "2026-01-22T03:59:58.527Z" },
    { url = "https://files.pythonhosted.org/packages/20/f5/854d57d89376fac577ee647a1dba1b87e27b2baeca7edc3d40295adeb7c8/prek-0.3.0-py3-none-musllinux_1_1_i686.whl", hash = "sha256:eb4c80c3e7c0e16bf307947809112bfef3715a1b83c2b03f5937707934635617", size = 4371174, upload-time = "2026-01-22T03:59:53.088Z" },
    { url = "https://files.pythonhosted.org/packages/03/38/8927619411da8d3f189415c452ec7a463f09dea69e272888723f37b4b18f/prek-0.3.0-py3-none-musllinux_1_1_x86_64.whl", hash = "sha256:602bcce070c50900167acd89dcdf95d27894412f8a7b549c8eb66de612a99653", size = 4659113, upload-time = "2026-01-22T03:59:43.166Z" },
    { url = "https://files.pythonhosted.org/packages/8c/4d/16baeef633b8b230dde878b858c0e955149c860feef518b5eb5aac640eec/prek-0.3.0-py3-none-win32.whl", hash = "sha256:a69229365ce33c68c05db7ae73ad1ef8bc7f0914ab3bc484ab7781256bcdfb7a", size = 3937103, upload-time = "2026-01-22T03:59:48.719Z" },
    { url = "https://files.pythonhosted.org/packages/f4/f2/c7395b4afd1bba32cad2b24c30fd7781e94c1e41137348cd150bbef001d6/prek-0.3.0-py3-none-win_amd64.whl", hash = "sha256:a0379afd8d31bd5da6ee8977820fdb3c30601bed836b39761e6f605451dbccaa", size = 4290763, upload-time = "2026-01-22T03:59:59.938Z" },
    { url = "https://files.pythonhosted.org/packages/df/83/97ed76ab5470025992cd50cb1ebdeb21fcf6c25459f9ffc49ac7bf040cf4/prek-0.3.0-py3-none-win_arm64.whl", hash = "sha256:82e2c64f75dc1ea6f2023f4322500eb8da5d0557baf06c88677bddf163e1542a", size = 4041580, upload-time = "2026-01-22T03:59:50.082Z" },
]

[[package]]
name = "ruff"
version = "0.14.14"
source = { registry = "https://pypi.org/simple" }
sdist = { url = "https://files.pythonhosted.org/packages/2e/06/f71e3a86b2df0dfa2d2f72195941cd09b44f87711cb7fa5193732cb9a5fc/ruff-0.14.14.tar.gz", hash = "sha256:2d0f819c9a90205f3a867dbbd0be083bee9912e170fd7d9704cc8ae45824896b", size = 4515732, upload-time = "2026-01-22T22:30:17.527Z" }
wheels = [
    { url = "https://files.pythonhosted.org/packages/d2/89/20a12e97bc6b9f9f68343952da08a8099c57237aef953a56b82711d55edd/ruff-0.14.14-py3-none-linux_armv6l.whl", hash = "sha256:7cfe36b56e8489dee8fbc777c61959f60ec0f1f11817e8f2415f429552846aed", size = 10467650, upload-time = "2026-01-22T22:30:08.578Z" },
    { url = "https://files.pythonhosted.org/packages/a3/b1/c5de3fd2d5a831fcae21beda5e3589c0ba67eec8202e992388e4b17a6040/ruff-0.14.14-py3-none-macosx_10_12_x86_64.whl", hash = "sha256:6006a0082336e7920b9573ef8a7f52eec837add1265cc74e04ea8a4368cd704c", size = 10883245, upload-time = "2026-01-22T22:30:04.155Z" },
    { url = "https://files.pythonhosted.org/packages/b8/7c/3c1db59a10e7490f8f6f8559d1db8636cbb13dccebf18686f4e3c9d7c772/ruff-0.14.14-py3-none-macosx_11_0_arm64.whl", hash = "sha256:026c1d25996818f0bf498636686199d9bd0d9d6341c9c2c3b62e2a0198b758de", size = 10231273, upload-time = "2026-01-22T22:30:34.642Z" },
    { url = "https://files.pythonhosted.org/packages/a1/6e/5e0e0d9674be0f8581d1f5e0f0a04761203affce3232c1a1189d0e3b4dad/ruff-0.14.14-py3-none-manylinux_2_17_aarch64.manylinux2014_aarch64.whl", hash = "sha256:f666445819d31210b71e0a6d1c01e24447a20b85458eea25a25fe8142210ae0e", size = 10585753, upload-time = "2026-01-22T22:30:31.781Z" },
    { url = "https://files.pythonhosted.org/packages/23/09/754ab09f46ff1884d422dc26d59ba18b4e5d355be147721bb2518aa2a014/ruff-0.14.14-py3-none-manylinux_2_17_armv7l.manylinux2014_armv7l.whl", hash = "sha256:3c0f18b922c6d2ff9a5e6c3ee16259adc513ca775bcf82c67ebab7cbd9da5bc8", size = 10286052, upload-time = "2026-01-22T22:30:24.827Z" },
    { url = "https://files.pythonhosted.org/packages/c8/cc/e71f88dd2a12afb5f50733851729d6b571a7c3a35bfdb16c3035132675a0/ruff-0.14.14-py3-none-manylinux_2_17_i686.manylinux2014_i686.whl", hash = "sha256:1629e67489c2dea43e8658c3dba659edbfd87361624b4040d1df04c9740ae906", size = 11043637, upload-time = "2026-01-22T22:30:13.239Z" },
    { url = "https://files.pythonhosted.org/packages/67/b2/397245026352494497dac935d7f00f1468c03a23a0c5db6ad8fc49ca3fb2/ruff-0.14.14-py3-none-manylinux_2_17_ppc64.manylinux2014_ppc64.whl", hash = "sha256:27493a2131ea0f899057d49d303e4292b2cae2bb57253c1ed1f256fbcd1da480", size = 12194761, upload-time = "2026-01-22T22:30:22.542Z" },
    { url = "https://files.pythonhosted.org/packages/5b/06/06ef271459f778323112c51b7587ce85230785cd64e91772034ddb88f200/ruff-0.14.14-py3-none-manylinux_2_17_ppc64le.manylinux2014_ppc64le.whl", hash = "sha256:01ff589aab3f5b539e35db38425da31a57521efd1e4ad1ae08fc34dbe30bd7df", size = 12005701, upload-time = "2026-01-22T22:30:20.499Z" },
    { url = "https://files.pythonhosted.org/packages/41/d6/99364514541cf811ccc5ac44362f88df66373e9fec1b9d1c4cc830593fe7/ruff-0.14.14-py3-none-manylinux_2_17_s390x.manylinux2014_s390x.whl", hash = "sha256:1cc12d74eef0f29f51775f5b755913eb523546b88e2d733e1d701fe65144e89b", size = 11282455, upload-time = "2026-01-22T22:29:59.679Z" },
    { url = "https://files.pythonhosted.org/packages/ca/71/37daa46f89475f8582b7762ecd2722492df26421714a33e72ccc9a84d7a5/ruff-0.14.14-py3-none-manylinux_2_17_x86_64.manylinux2014_x86_64.whl", hash = "sha256:bb8481604b7a9e75eff53772496201690ce2687067e038b3cc31aaf16aa0b974", size = 11215882, upload-time = "2026-01-22T22:29:57.032Z" },
    { url = "https://files.pythonhosted.org/packages/2c/10/a31f86169ec91c0705e618443ee74ede0bdd94da0a57b28e72db68b2dbac/ruff-0.14.14-py3-none-manylinux_2_31_riscv64.whl", hash = "sha256:14649acb1cf7b5d2d283ebd2f58d56b75836ed8c6f329664fa91cdea19e76e66", size = 11180549, upload-time = "2026-01-22T22:30:27.175Z" },
    { url = "https://files.pythonhosted.org/packages/fd/1e/c723f20536b5163adf79bdd10c5f093414293cdf567eed9bdb7b83940f3f/ruff-0.14.14-py3-none-musllinux_1_2_aarch64.whl", hash = "sha256:e8058d2145566510790eab4e2fad186002e288dec5e0d343a92fe7b0bc1b3e13", size = 10543416, upload-time = "2026-01-22T22:30:01.964Z" },
    { url = "https://files.pythonhosted.org/packages/3e/34/8a84cea7e42c2d94ba5bde1d7a4fae164d6318f13f933d92da6d7c2041ff/ruff-0.14.14-py3-none-musllinux_1_2_armv7l.whl", hash = "sha256:e651e977a79e4c758eb807f0481d673a67ffe53cfa92209781dfa3a996cf8412", size = 10285491, upload-time = "2026-01-22T22:30:29.51Z" },
    { url = "https://files.pythonhosted.org/packages/55/ef/b7c5ea0be82518906c978e365e56a77f8de7678c8bb6651ccfbdc178c29f/ruff-0.14.14-py3-none-musllinux_1_2_i686.whl", hash = "sha256:cc8b22da8d9d6fdd844a68ae937e2a0adf9b16514e9a97cc60355e2d4b219fc3", size = 10733525, upload-time = "2026-01-22T22:30:06.499Z" },
    { url = "https://files.pythonhosted.org/packages/6a/5b/aaf1dfbcc53a2811f6cc0a1759de24e4b03e02ba8762daabd9b6bd8c59e3/ruff-0.14.14-py3-none-musllinux_1_2_x86_64.whl", hash = "sha256:16bc890fb4cc9781bb05beb5ab4cd51be9e7cb376bf1dd3580512b24eb3fda2b", size = 11315626, upload-time = "2026-01-22T22:30:36.848Z" },
    { url = "https://files.pythonhosted.org/packages/2c/aa/9f89c719c467dfaf8ad799b9bae0df494513fb21d31a6059cb5870e57e74/ruff-0.14.14-py3-none-win32.whl", hash = "sha256:b530c191970b143375b6a68e6f743800b2b786bbcf03a7965b06c4bf04568167", size = 10502442, upload-time = "2026-01-22T22:30:38.93Z" },
    { url = "https://files.pythonhosted.org/packages/87/44/90fa543014c45560cae1fffc63ea059fb3575ee6e1cb654562197e5d16fb/ruff-0.14.14-py3-none-win_amd64.whl", hash = "sha256:3dde1435e6b6fe5b66506c1dff67a421d0b7f6488d466f651c07f4cab3bf20fd", size = 11630486, upload-time = "2026-01-22T22:30:10.852Z" },
    { url = "https://files.pythonhosted.org/packages/9e/6a/40fee331a52339926a92e17ae748827270b288a35ef4a15c9c8f2ec54715/ruff-0.14.14-py3-none-win_arm64.whl", hash = "sha256:56e6981a98b13a32236a72a8da421d7839221fa308b223b9283312312e5ac76c", size = 10920448, upload-time = "2026-01-22T22:30:15.417Z" },
]
